
Microsoft Visual Studio Solution File, Format Version 12.00
# Visual Studio Version 16
VisualStudioVersion = 16.0.30413.136
MinimumVisualStudioVersion = 10.0.40219.1
Project("{FAE04EC0-301F-11D3-BF4B-00C04F79EFBC}") = "BuildingManager.WPF", "BuildingManager\BuildingManager.WPF.csproj", "{362A89E1-5A4F-4FC2-81E8-A210DD9BD0E5}"
EndProject
Project("{FAE04EC0-301F-11D3-BF4B-00C04F79EFBC}") = "BuildingManager.Services", "BuildingManager.Services\BuildingManager.Services.csproj", "{84FF4F2A-A008-4140-954A-0700DA430EF5}"
EndProject
Global
	GlobalSection(SolutionConfigurationPlatforms) = preSolution
		Debug|Any CPU = Debug|Any CPU
		Release|Any CPU = Release|Any CPU
	EndGlobalSection
	GlobalSection(ProjectConfigurationPlatforms) = postSolution
		{362A89E1-5A4F-4FC2-81E8-A210DD9BD0E5}.Debug|Any CPU.ActiveCfg = Debug|Any CPU
		{362A89E1-5A4F-4FC2-81E8-A210DD9BD0E5}.Debug|Any CPU.Build.0 = Debug|Any CPU
		{362A89E1-5A4F-4FC2-81E8-A210DD9BD0E5}.Release|Any CPU.ActiveCfg = Release|Any CPU
		{362A89E1-5A4F-4FC2-81E8-A210DD9BD0E5}.Release|Any CPU.Build.0 = Release|Any CPU
		{84FF4F2A-A008-4140-954A-0700DA430EF5}.Debug|Any CPU.ActiveCfg = Debug|Any CPU
		{84FF4F2A-A008-4140-954A-0700DA430EF5}.Debug|Any CPU.Build.0 = Debug|Any CPU
		{84FF4F2A-A008-4140-954A-0700DA430EF5}.Release|Any CPU.ActiveCfg = Release|Any CPU
		{84FF4F2A-A008-4140-954A-0700DA430EF5}.Release|Any CPU.Build.0 = Release|Any CPU
	EndGlobalSection
	GlobalSection(SolutionProperties) = preSolution
		HideSolutionNode = FALSE
	EndGlobalSection
	GlobalSection(ExtensibilityGlobals) = postSolution
		SolutionGuid = {BD2C8D8E-7CC2-40F5-8357-D3D9DE2B70B3}
	EndGlobalSection
EndGlobal
